
Microsoft Visual Studio Solution File, Format Version 12.00
# Visual Studio Version 16
VisualStudioVersion = 16.0.31702.278
MinimumVisualStudioVersion = 10.0.40219.1
Project("{8BC9CEB8-8B4A-11D0-8D11-00A0C91BC942}") = "FlightSimInterface", "FlightSimInterface.vcxproj", "{49B74DAD-663C-459F-8CEF-E524DD83C62B}"
EndProject
Project("{2150E333-8FDC-42A3-9474-1A3956D46DE8}") = "Solution Items", "Solution Items", "{9410741A-2C1C-4643-839C-2A7A1BD18E49}"
EndProject
Global
	GlobalSection(SolutionConfigurationPlatforms) = preSolution
		Debug|x64 = Debug|x64
		Debug|x86 = Debug|x86
		Release|x64 = Release|x64
		Release|x86 = Release|x86
	EndGlobalSection
	GlobalSection(ProjectConfigurationPlatforms) = postSolution
		{49B74DAD-663C-459F-8CEF-E524DD83C62B}.Debug|x64.ActiveCfg = Debug|x64
		{49B74DAD-663C-459F-8CEF-E524DD83C62B}.Debug|x64.Build.0 = Debug|x64
		{49B74DAD-663C-459F-8CEF-E524DD83C62B}.Debug|x86.ActiveCfg = Debug|x64
		{49B74DAD-663C-459F-8CEF-E524DD83C62B}.Debug|x86.Build.0 = Debug|x64
		{49B74DAD-663C-459F-8CEF-E524DD83C62B}.Release|x64.ActiveCfg = Release|x64
		{49B74DAD-663C-459F-8CEF-E524DD83C62B}.Release|x64.Build.0 = Release|x64
		{49B74DAD-663C-459F-8CEF-E524DD83C62B}.Release|x86.ActiveCfg = Release|x64
		{49B74DAD-663C-459F-8CEF-E524DD83C62B}.Release|x86.Build.0 = Release|x64
	EndGlobalSection
	GlobalSection(SolutionProperties) = preSolution
		HideSolutionNode = FALSE
	EndGlobalSection
	GlobalSection(ExtensibilityGlobals) = postSolution
		SolutionGuid = {3DBA417B-BDAA-4B70-A827-C38C0B602665}
	EndGlobalSection
EndGlobal
